// !$*UTF8*$!
{
	archiveVersion = 1;
	classes = {
	};
	objectVersion = 46;
	objects = {

/* Begin PBXBuildFile section */
		4089D9931AB6FCD100BA4EC7 /* main.m in Sources */ = {isa = PBXBuildFile; fileRef = 4089D9921AB6FCD100BA4EC7 /* main.m */; };
		4089D99B1AB6FD1300BA4EC7 /* BNRStockHolding.m in Sources */ = {isa = PBXBuildFile; fileRef = 4089D99A1AB6FD1300BA4EC7 /* BNRStockHolding.m */; };
		4089D99E1AB705D600BA4EC7 /* BNRForeignStockHolding.m in Sources */ = {isa = PBXBuildFile; fileRef = 4089D99D1AB705D600BA4EC7 /* BNRForeignStockHolding.m */; };
		4089D9A11AB70D5E00BA4EC7 /* BNRPortfolio.m in Sources */ = {isa = PBXBuildFile; fileRef = 4089D9A01AB70D5E00BA4EC7 /* BNRPortfolio.m */; };
/* End PBXBuildFile section */

/* Begin PBXCopyFilesBuildPhase section */
		4089D98D1AB6FCD100BA4EC7 /* CopyFiles */ = {
			isa = PBXCopyFilesBuildPhase;
			buildActionMask = 2147483647;
			dstPath = /usr/share/man/man1/;
			dstSubfolderSpec = 0;
			files = (
			);
			runOnlyForDeploymentPostprocessing = 1;
		};
/* End PBXCopyFilesBuildPhase section */

/* Begin PBXFileReference section */
		4089D98F1AB6FCD100BA4EC7 /* Stocks */ = {isa = PBXFileReference; explicitFileType = "compiled.mach-o.executable"; includeInIndex = 0; path = Stocks; sourceTree = BUILT_PRODUCTS_DIR; };
		4089D9921AB6FCD100BA4EC7 /* main.m */ = {isa = PBXFileReference; lastKnownFileType = sourcecode.c.objc; path = main.m; sourceTree = "<group>"; };
		4089D9991AB6FD1300BA4EC7 /* BNRStockHolding.h */ = {isa = PBXFileReference; fileEncoding = 4; lastKnownFileType = sourcecode.c.h; path = BNRStockHolding.h; sourceTree = "<group>"; };
		4089D99A1AB6FD1300BA4EC7 /* BNRStockHolding.m */ = {isa = PBXFileReference; fileEncoding = 4; lastKnownFileType = sourcecode.c.objc; path = BNRStockHolding.m; sourceTree = "<group>"; };
		4089D99C1AB705D600BA4EC7 /* BNRForeignStockHolding.h */ = {isa = PBXFileReference; fileEncoding = 4; lastKnownFileType = sourcecode.c.h; path = BNRForeignStockHolding.h; sourceTree = "<group>"; };
		4089D99D1AB705D600BA4EC7 /* BNRForeignStockHolding.m */ = {isa = PBXFileReference; fileEncoding = 4; lastKnownFileType = sourcecode.c.objc; path = BNRForeignStockHolding.m; sourceTree = "<group>"; };
		4089D99F1AB70D5E00BA4EC7 /* BNRPortfolio.h */ = {isa = PBXFileReference; fileEncoding = 4; lastKnownFileType = sourcecode.c.h; path = BNRPortfolio.h; sourceTree = "<group>"; };
		4089D9A01AB70D5E00BA4EC7 /* BNRPortfolio.m */ = {isa = PBXFileReference; fileEncoding = 4; lastKnownFileType = sourcecode.c.objc; path = BNRPortfolio.m; sourceTree = "<group>"; };
/* End PBXFileReference section */

/* Begin PBXFrameworksBuildPhase section */
		4089D98C1AB6FCD100BA4EC7 /* Frameworks */ = {
			isa = PBXFrameworksBuildPhase;
			buildActionMask = 2147483647;
			files = (
			);
			runOnlyForDeploymentPostprocessing = 0;
		};
/* End PBXFrameworksBuildPhase section */

/* Begin PBXGroup section */
		4089D9861AB6FCD100BA4EC7 = {
			isa = PBXGroup;
			children = (
				4089D9911AB6FCD100BA4EC7 /* Stocks */,
				4089D9901AB6FCD100BA4EC7 /* Products */,
			);
			sourceTree = "<group>";
		};
		4089D9901AB6FCD100BA4EC7 /* Products */ = {
			isa = PBXGroup;
			children = (
				4089D98F1AB6FCD100BA4EC7 /* Stocks */,
			);
			name = Products;
			sourceTree = "<group>";
		};
		4089D9911AB6FCD100BA4EC7 /* Stocks */ = {
			isa = PBXGroup;
			children = (
				4089D9921AB6FCD100BA4EC7 /* main.m */,
				4089D99C1AB705D600BA4EC7 /* BNRForeignStockHolding.h */,
				4089D99D1AB705D600BA4EC7 /* BNRForeignStockHolding.m */,
				4089D9991AB6FD1300BA4EC7 /* BNRStockHolding.h */,
				4089D99F1AB70D5E00BA4EC7 /* BNRPortfolio.h */,
				4089D9A01AB70D5E00BA4EC7 /* BNRPortfolio.m */,
				4089D99A1AB6FD1300BA4EC7 /* BNRStockHolding.m */,
			);
			path = Stocks;
			sourceTree = "<group>";
		};
/* End PBXGroup section */

/* Begin PBXNativeTarget section */
		4089D98E1AB6FCD100BA4EC7 /* Stocks */ = {
			isa = PBXNativeTarget;
			buildConfigurationList = 4089D9961AB6FCD100BA4EC7 /* Build configuration list for PBXNativeTarget "Stocks" */;
			buildPhases = (
				4089D98B1AB6FCD100BA4EC7 /* Sources */,
				4089D98C1AB6FCD100BA4EC7 /* Frameworks */,
				4089D98D1AB6FCD100BA4EC7 /* CopyFiles */,
			);
			buildRules = (
			);
			dependencies = (
			);
			name = Stocks;
			productName = Stocks;
			productReference = 4089D98F1AB6FCD100BA4EC7 /* Stocks */;
			productType = "com.apple.product-type.tool";
		};
/* End PBXNativeTarget section */

/* Begin PBXProject section */
		4089D9871AB6FCD100BA4EC7 /* Project object */ = {
			isa = PBXProject;
			attributes = {
				LastUpgradeCheck = 0620;
				ORGANIZATIONNAME = BX_mbp;
				TargetAttributes = {
					4089D98E1AB6FCD100BA4EC7 = {
						CreatedOnToolsVersion = 6.2;
					};
				};
			};
			buildConfigurationList = 4089D98A1AB6FCD100BA4EC7 /* Build configuration list for PBXProject "Stocks" */;
			compatibilityVersion = "Xcode 3.2";
			developmentRegion = English;
			hasScannedForEncodings = 0;
			knownRegions = (
				en,
			);
			mainGroup = 4089D9861AB6FCD100BA4EC7;
			productRefGroup = 4089D9901AB6FCD100BA4EC7 /* Products */;
			projectDirPath = "";
			projectRoot = "";
			targets = (
				4089D98E1AB6FCD100BA4EC7 /* Stocks */,
			);
		};
/* End PBXProject section */

/* Begin PBXSourcesBuildPhase section */
		4089D98B1AB6FCD100BA4EC7 /* Sources */ = {
			isa = PBXSourcesBuildPhase;
			buildActionMask = 2147483647;
			files = (
				4089D99E1AB705D600BA4EC7 /* BNRForeignStockHolding.m in Sources */,
				4089D9A11AB70D5E00BA4EC7 /* BNRPortfolio.m in Sources */,
				4089D9931AB6FCD100BA4EC7 /* main.m in Sources */,
				4089D99B1AB6FD1300BA4EC7 /* BNRStockHolding.m in Sources */,
			);
			runOnlyForDeploymentPostprocessing = 0;
		};
/* End PBXSourcesBuildPhase section */

/* Begin XCBuildConfiguration section */
		4089D9941AB6FCD100BA4EC7 /* Debug */ = {
			isa = XCBuildConfiguration;
			buildSettings = {
				ALWAYS_SEARCH_USER_PATHS = NO;
				CLANG_CXX_LANGUAGE_STANDARD = "gnu++0x";
				CLANG_CXX_LIBRARY = "libc++";
				CLANG_ENABLE_MODULES = YES;
				CLANG_ENABLE_OBJC_ARC = YES;
				CLANG_WARN_BOOL_CONVERSION = YES;
				CLANG_WARN_CONSTANT_CONVERSION = YES;
				CLANG_WARN_DIRECT_OBJC_ISA_USAGE = YES_ERROR;
				CLANG_WARN_EMPTY_BODY = YES;
				CLANG_WARN_ENUM_CONVERSION = YES;
				CLANG_WARN_INT_CONVERSION = YES;
				CLANG_WARN_OBJC_ROOT_CLASS = YES_ERROR;
				CLANG_WARN_UNREACHABLE_CODE = YES;
				CLANG_WARN__DUPLICATE_METHOD_MATCH = YES;
				COPY_PHASE_STRIP = NO;
				ENABLE_STRICT_OBJC_MSGSEND = YES;
				GCC_C_LANGUAGE_STANDARD = gnu99;
				GCC_DYNAMIC_NO_PIC = NO;
				GCC_OPTIMIZATION_LEVEL = 0;
				GCC_PREPROCESSOR_DEFINITIONS = (
					"DEBUG=1",
					"$(inherited)",
				);
				GCC_SYMBOLS_PRIVATE_EXTERN = NO;
				GCC_WARN_64_TO_32_BIT_CONVERSION = YES;
				GCC_WARN_ABOUT_RETURN_TYPE = YES_ERROR;
				GCC_WARN_UNDECLARED_SELECTOR = YES;
				GCC_WARN_UNINITIALIZED_AUTOS = YES_AGGRESSIVE;
				GCC_WARN_UNUSED_FUNCTION = YES;
				GCC_WARN_UNUSED_VARIABLE = YES;
				MACOSX_DEPLOYMENT_TARGET = 10.10;
				MTL_ENABLE_DEBUG_INFO = YES;
				ONLY_ACTIVE_ARCH = YES;
				SDKROOT = macosx;
			};
			name = Debug;
		};
		4089D9951AB6FCD100BA4EC7 /* Release */ = {
			isa = XCBuildConfiguration;
			buildSettings = {
				ALWAYS_SEARCH_USER_PATHS = NO;
				CLANG_CXX_LANGUAGE_STANDARD = "gnu++0x";
				CLANG_CXX_LIBRARY = "libc++";
				CLANG_ENABLE_MODULES = YES;
				CLANG_ENABLE_OBJC_ARC = YES;
				CLANG_WARN_BOOL_CONVERSION = YES;
				CLANG_WARN_CONSTANT_CONVERSION = YES;
				CLANG_WARN_DIRECT_OBJC_ISA_USAGE = YES_ERROR;
				CLANG_WARN_EMPTY_BODY = YES;
				CLANG_WARN_ENUM_CONVERSION = YES;
				CLANG_WARN_INT_CONVERSION = YES;
				CLANG_WARN_OBJC_ROOT_CLASS = YES_ERROR;
				CLANG_WARN_UNREACHABLE_CODE = YES;
				CLANG_WARN__DUPLICATE_METHOD_MATCH = YES;
				COPY_PHASE_STRIP = NO;
				DEBUG_INFORMATION_FORMAT = "dwarf-with-dsym";
				ENABLE_NS_ASSERTIONS = NO;
				ENABLE_STRICT_OBJC_MSGSEND = YES;
				GCC_C_LANGUAGE_STANDARD = gnu99;
				GCC_WARN_64_TO_32_BIT_CONVERSION = YES;
				GCC_WARN_ABOUT_RETURN_TYPE = YES_ERROR;
				GCC_WARN_UNDECLARED_SELECTOR = YES;
				GCC_WARN_UNINITIALIZED_AUTOS = YES_AGGRESSIVE;
				GCC_WARN_UNUSED_FUNCTION = YES;
				GCC_WARN_UNUSED_VARIABLE = YES;
				MACOSX_DEPLOYMENT_TARGET = 10.10;
				MTL_ENABLE_DEBUG_INFO = NO;
				SDKROOT = macosx;
			};
			name = Release;
		};
		4089D9971AB6FCD100BA4EC7 /* Debug */ = {
			isa = XCBuildConfiguration;
			buildSettings = {
				PRODUCT_NAME = "$(TARGET_NAME)";
			};
			name = Debug;
		};
		4089D9981AB6FCD100BA4EC7 /* Release */ = {
			isa = XCBuildConfiguration;
			buildSettings = {
				PRODUCT_NAME = "$(TARGET_NAME)";
			};
			name = Release;
		};
/* End XCBuildConfiguration section */

/* Begin XCConfigurationList section */
		4089D98A1AB6FCD100BA4EC7 /* Build configuration list for PBXProject "Stocks" */ = {
			isa = XCConfigurationList;
			buildConfigurations = (
				4089D9941AB6FCD100BA4EC7 /* Debug */,
				4089D9951AB6FCD100BA4EC7 /* Release */,
			);
			defaultConfigurationIsVisible = 0;
			defaultConfigurationName = Release;
		};
		4089D9961AB6FCD100BA4EC7 /* Build configuration list for PBXNativeTarget "Stocks" */ = {
			isa = XCConfigurationList;
			buildConfigurations = (
				4089D9971AB6FCD100BA4EC7 /* Debug */,
				4089D9981AB6FCD100BA4EC7 /* Release */,
			);
			defaultConfigurationIsVisible = 0;
		};
/* End XCConfigurationList section */
	};
	rootObject = 4089D9871AB6FCD100BA4EC7 /* Project object */;
}
